
Microsoft Visual Studio Solution File, Format Version 12.00
# Visual Studio Version 17
VisualStudioVersion = 17.11.35312.102
MinimumVisualStudioVersion = 10.0.40219.1
Project("{FAE04EC0-301F-11D3-BF4B-00C04F79EFBC}") = "SalesSystem.Entity", "SalesSystem.Entity\SalesSystem.Entity.csproj", "{5D793748-0A2B-4AD3-8F22-E1801484C62B}"
EndProject
Project("{FAE04EC0-301F-11D3-BF4B-00C04F79EFBC}") = "SalesSystem.DAL", "SalesSystem.DAL\SalesSystem.DAL.csproj", "{DD187566-5F19-4089-934D-B2911CE0D281}"
EndProject
Project("{FAE04EC0-301F-11D3-BF4B-00C04F79EFBC}") = "SalesSystem.BLL", "SalesSystem.BLL\SalesSystem.BLL.csproj", "{5941D5F2-A514-4B62-BEA1-89030EBAF9F9}"
EndProject
Project("{FAE04EC0-301F-11D3-BF4B-00C04F79EFBC}") = "SalesSystem.IOC", "SalesSystem.IOC\SalesSystem.IOC.csproj", "{BA30C288-085C-43FD-905C-0F425A21EF0A}"
EndProject
Project("{FAE04EC0-301F-11D3-BF4B-00C04F79EFBC}") = "SalesSystem.AppWeb", "SalesSystem.AppWeb\SalesSystem.AppWeb.csproj", "{F8FB010A-A516-4F4D-89F1-C80B1286F129}"
EndProject
Global
	GlobalSection(SolutionConfigurationPlatforms) = preSolution
		Debug|Any CPU = Debug|Any CPU
		Release|Any CPU = Release|Any CPU
	EndGlobalSection
	GlobalSection(ProjectConfigurationPlatforms) = postSolution
		{5D793748-0A2B-4AD3-8F22-E1801484C62B}.Debug|Any CPU.ActiveCfg = Debug|Any CPU
		{5D793748-0A2B-4AD3-8F22-E1801484C62B}.Debug|Any CPU.Build.0 = Debug|Any CPU
		{5D793748-0A2B-4AD3-8F22-E1801484C62B}.Release|Any CPU.ActiveCfg = Release|Any CPU
		{5D793748-0A2B-4AD3-8F22-E1801484C62B}.Release|Any CPU.Build.0 = Release|Any CPU
		{DD187566-5F19-4089-934D-B2911CE0D281}.Debug|Any CPU.ActiveCfg = Debug|Any CPU
		{DD187566-5F19-4089-934D-B2911CE0D281}.Debug|Any CPU.Build.0 = Debug|Any CPU
		{DD187566-5F19-4089-934D-B2911CE0D281}.Release|Any CPU.ActiveCfg = Release|Any CPU
		{DD187566-5F19-4089-934D-B2911CE0D281}.Release|Any CPU.Build.0 = Release|Any CPU
		{5941D5F2-A514-4B62-BEA1-89030EBAF9F9}.Debug|Any CPU.ActiveCfg = Debug|Any CPU
		{5941D5F2-A514-4B62-BEA1-89030EBAF9F9}.Debug|Any CPU.Build.0 = Debug|Any CPU
		{5941D5F2-A514-4B62-BEA1-89030EBAF9F9}.Release|Any CPU.ActiveCfg = Release|Any CPU
		{5941D5F2-A514-4B62-BEA1-89030EBAF9F9}.Release|Any CPU.Build.0 = Release|Any CPU
		{BA30C288-085C-43FD-905C-0F425A21EF0A}.Debug|Any CPU.ActiveCfg = Debug|Any CPU
		{BA30C288-085C-43FD-905C-0F425A21EF0A}.Debug|Any CPU.Build.0 = Debug|Any CPU
		{BA30C288-085C-43FD-905C-0F425A21EF0A}.Release|Any CPU.ActiveCfg = Release|Any CPU
		{BA30C288-085C-43FD-905C-0F425A21EF0A}.Release|Any CPU.Build.0 = Release|Any CPU
		{F8FB010A-A516-4F4D-89F1-C80B1286F129}.Debug|Any CPU.ActiveCfg = Debug|Any CPU
		{F8FB010A-A516-4F4D-89F1-C80B1286F129}.Debug|Any CPU.Build.0 = Debug|Any CPU
		{F8FB010A-A516-4F4D-89F1-C80B1286F129}.Release|Any CPU.ActiveCfg = Release|Any CPU
		{F8FB010A-A516-4F4D-89F1-C80B1286F129}.Release|Any CPU.Build.0 = Release|Any CPU
	EndGlobalSection
	GlobalSection(SolutionProperties) = preSolution
		HideSolutionNode = FALSE
	EndGlobalSection
	GlobalSection(ExtensibilityGlobals) = postSolution
		SolutionGuid = {A2B3A452-78A2-4421-A348-75AD3A9586FC}
	EndGlobalSection
EndGlobal
